{
  "name": "impact-chain",
  "lockfileVersion": 3,
  "requires": true,
  "packages": {
    "": {
      "name": "impact-chain",
      "workspaces": [
        "apps/*",
        "packages/*"
      ]
    },
    "apps/api": {
      "name": "@impact/api",
      "version": "0.0.0"
    },
    "apps/web": {
      "name": "@impact/web",
      "version": "0.0.0"
    },
    "node_modules/@impact/api": {
      "resolved": "apps/api",
      "link": true
    },
    "node_modules/@impact/contracts": {
      "resolved": "packages/contracts",
      "link": true
    },
    "node_modules/@impact/shared": {
      "resolved": "packages/shared",
      "link": true
    },
    "node_modules/@impact/web": {
      "resolved": "apps/web",
      "link": true
    },
    "packages/contracts": {
      "name": "@impact/contracts",
      "version": "0.0.0"
    },
    "packages/shared": {
      "name": "@impact/shared",
      "version": "0.0.0"
    }
  }
}
